
Microsoft Visual Studio Solution File, Format Version 12.00
# Visual Studio Version 17
VisualStudioVersion = 17.7.34009.444
MinimumVisualStudioVersion = 10.0.40219.1
Project("{FAE04EC0-301F-11D3-BF4B-00C04F79EFBC}") = "BL", "BL\BL.csproj", "{8506753C-186A-447D-BDF8-66E1909CAFD7}"
EndProject
Project("{FAE04EC0-301F-11D3-BF4B-00C04F79EFBC}") = "DL - Web Api", "DL - Web Api\DL - Web Api.csproj", "{4FBA8D0B-B006-48A8-B64D-3CD3B0FDDE3D}"
EndProject
Project("{FAE04EC0-301F-11D3-BF4B-00C04F79EFBC}") = "PL", "PL\PL.csproj", "{E54C0179-E671-4BB7-9962-5CA62C9AF948}"
EndProject
Global
	GlobalSection(SolutionConfigurationPlatforms) = preSolution
		Debug|Any CPU = Debug|Any CPU
		Release|Any CPU = Release|Any CPU
	EndGlobalSection
	GlobalSection(ProjectConfigurationPlatforms) = postSolution
		{8506753C-186A-447D-BDF8-66E1909CAFD7}.Debug|Any CPU.ActiveCfg = Debug|Any CPU
		{8506753C-186A-447D-BDF8-66E1909CAFD7}.Debug|Any CPU.Build.0 = Debug|Any CPU
		{8506753C-186A-447D-BDF8-66E1909CAFD7}.Release|Any CPU.ActiveCfg = Release|Any CPU
		{8506753C-186A-447D-BDF8-66E1909CAFD7}.Release|Any CPU.Build.0 = Release|Any CPU
		{4FBA8D0B-B006-48A8-B64D-3CD3B0FDDE3D}.Debug|Any CPU.ActiveCfg = Debug|Any CPU
		{4FBA8D0B-B006-48A8-B64D-3CD3B0FDDE3D}.Debug|Any CPU.Build.0 = Debug|Any CPU
		{4FBA8D0B-B006-48A8-B64D-3CD3B0FDDE3D}.Release|Any CPU.ActiveCfg = Release|Any CPU
		{4FBA8D0B-B006-48A8-B64D-3CD3B0FDDE3D}.Release|Any CPU.Build.0 = Release|Any CPU
		{E54C0179-E671-4BB7-9962-5CA62C9AF948}.Debug|Any CPU.ActiveCfg = Debug|Any CPU
		{E54C0179-E671-4BB7-9962-5CA62C9AF948}.Debug|Any CPU.Build.0 = Debug|Any CPU
		{E54C0179-E671-4BB7-9962-5CA62C9AF948}.Release|Any CPU.ActiveCfg = Release|Any CPU
		{E54C0179-E671-4BB7-9962-5CA62C9AF948}.Release|Any CPU.Build.0 = Release|Any CPU
	EndGlobalSection
	GlobalSection(SolutionProperties) = preSolution
		HideSolutionNode = FALSE
	EndGlobalSection
	GlobalSection(ExtensibilityGlobals) = postSolution
		SolutionGuid = {6EC8C2C2-CE10-4356-AF07-62377D8E0879}
	EndGlobalSection
EndGlobal
